
Microsoft Visual Studio Solution File, Format Version 12.00
# Visual Studio 15
VisualStudioVersion = 15.0.27428.2015
MinimumVisualStudioVersion = 10.0.40219.1
Project("{FAE04EC0-301F-11D3-BF4B-00C04F79EFBC}") = "Vidly", "Vidly\Vidly.csproj", "{375003C6-0B4C-405C-A6D1-437843FB647E}"
EndProject
Global
	GlobalSection(SolutionConfigurationPlatforms) = preSolution
		Debug|Any CPU = Debug|Any CPU
		Release|Any CPU = Release|Any CPU
	EndGlobalSection
	GlobalSection(ProjectConfigurationPlatforms) = postSolution
		{375003C6-0B4C-405C-A6D1-437843FB647E}.Debug|Any CPU.ActiveCfg = Debug|Any CPU
		{375003C6-0B4C-405C-A6D1-437843FB647E}.Debug|Any CPU.Build.0 = Debug|Any CPU
		{375003C6-0B4C-405C-A6D1-437843FB647E}.Release|Any CPU.ActiveCfg = Release|Any CPU
		{375003C6-0B4C-405C-A6D1-437843FB647E}.Release|Any CPU.Build.0 = Release|Any CPU
	EndGlobalSection
	GlobalSection(SolutionProperties) = preSolution
		HideSolutionNode = FALSE
	EndGlobalSection
	GlobalSection(ExtensibilityGlobals) = postSolution
		SolutionGuid = {3DF44AB7-3F1F-4DDA-844E-CD2E678C8653}
	EndGlobalSection
EndGlobal
